
Microsoft Visual Studio Solution File, Format Version 12.00
# Visual Studio Version 16
VisualStudioVersion = 16.0.29509.3
MinimumVisualStudioVersion = 10.0.40219.1
Project("{FAE04EC0-301F-11D3-BF4B-00C04F79EFBC}") = "Example.API", "Example.API\Example.API.csproj", "{1EFD84D5-0881-45A4-BABB-9721DA1EC557}"
EndProject
Global
	GlobalSection(SolutionConfigurationPlatforms) = preSolution
		Debug|Any CPU = Debug|Any CPU
		Release|Any CPU = Release|Any CPU
	EndGlobalSection
	GlobalSection(ProjectConfigurationPlatforms) = postSolution
		{1EFD84D5-0881-45A4-BABB-9721DA1EC557}.Debug|Any CPU.ActiveCfg = Debug|Any CPU
		{1EFD84D5-0881-45A4-BABB-9721DA1EC557}.Debug|Any CPU.Build.0 = Debug|Any CPU
		{1EFD84D5-0881-45A4-BABB-9721DA1EC557}.Release|Any CPU.ActiveCfg = Release|Any CPU
		{1EFD84D5-0881-45A4-BABB-9721DA1EC557}.Release|Any CPU.Build.0 = Release|Any CPU
	EndGlobalSection
	GlobalSection(SolutionProperties) = preSolution
		HideSolutionNode = FALSE
	EndGlobalSection
	GlobalSection(ExtensibilityGlobals) = postSolution
		SolutionGuid = {483E370E-3AA2-4E86-8C97-9480BF4CCF13}
	EndGlobalSection
EndGlobal
